
Microsoft Visual Studio Solution File, Format Version 12.00
# Visual Studio Version 16
VisualStudioVersion = 16.0.30804.86
MinimumVisualStudioVersion = 10.0.40219.1
Project("{FAE04EC0-301F-11D3-BF4B-00C04F79EFBC}") = "AdventOfCode2", "AdventOfCode2\AdventOfCode2.csproj", "{553CECEA-ACC8-40C6-8222-7A3AC12BE711}"
EndProject
Global
	GlobalSection(SolutionConfigurationPlatforms) = preSolution
		Debug|Any CPU = Debug|Any CPU
		Release|Any CPU = Release|Any CPU
	EndGlobalSection
	GlobalSection(ProjectConfigurationPlatforms) = postSolution
		{553CECEA-ACC8-40C6-8222-7A3AC12BE711}.Debug|Any CPU.ActiveCfg = Debug|Any CPU
		{553CECEA-ACC8-40C6-8222-7A3AC12BE711}.Debug|Any CPU.Build.0 = Debug|Any CPU
		{553CECEA-ACC8-40C6-8222-7A3AC12BE711}.Release|Any CPU.ActiveCfg = Release|Any CPU
		{553CECEA-ACC8-40C6-8222-7A3AC12BE711}.Release|Any CPU.Build.0 = Release|Any CPU
	EndGlobalSection
	GlobalSection(SolutionProperties) = preSolution
		HideSolutionNode = FALSE
	EndGlobalSection
	GlobalSection(ExtensibilityGlobals) = postSolution
		SolutionGuid = {8C639906-BE61-4109-9C6A-8AC8B42866A1}
	EndGlobalSection
EndGlobal
